// !$*UTF8*$!
{
	archiveVersion = 1;
	classes = {
	};
	objectVersion = 46;
	objects = {

/* Begin PBXBuildFile section */
		0EC97FA8AC345507E89C2A61 /* Pods_CustomNormalViewForSwift3_0UITests.framework in Frameworks */ = {isa = PBXBuildFile; fileRef = 2294748884DF566686D25002 /* Pods_CustomNormalViewForSwift3_0UITests.framework */; };
		10BEFB2506134ADA45D0D201 /* Pods_CustomNormalViewForSwift3_0.framework in Frameworks */ = {isa = PBXBuildFile; fileRef = 3DD812DA566E36AED8BDBC83 /* Pods_CustomNormalViewForSwift3_0.framework */; };
		5EB286E57FBE2375835AEABF /* Pods_CustomNormalViewForSwift3_0Tests.framework in Frameworks */ = {isa = PBXBuildFile; fileRef = 02C217E16FAD782A59A06A50 /* Pods_CustomNormalViewForSwift3_0Tests.framework */; };
		FBF5AF491F585F9B001D5557 /* AppDelegate.swift in Sources */ = {isa = PBXBuildFile; fileRef = FBF5AF481F585F9B001D5557 /* AppDelegate.swift */; };
		FBF5AF4B1F585F9B001D5557 /* ViewController.swift in Sources */ = {isa = PBXBuildFile; fileRef = FBF5AF4A1F585F9B001D5557 /* ViewController.swift */; };
		FBF5AF4E1F585F9B001D5557 /* Main.storyboard in Resources */ = {isa = PBXBuildFile; fileRef = FBF5AF4C1F585F9B001D5557 /* Main.storyboard */; };
		FBF5AF501F585F9B001D5557 /* Assets.xcassets in Resources */ = {isa = PBXBuildFile; fileRef = FBF5AF4F1F585F9B001D5557 /* Assets.xcassets */; };
		FBF5AF531F585F9B001D5557 /* LaunchScreen.storyboard in Resources */ = {isa = PBXBuildFile; fileRef = FBF5AF511F585F9B001D5557 /* LaunchScreen.storyboard */; };
		FBF5AF5E1F585F9B001D5557 /* CustomNormalViewForSwift3_0Tests.swift in Sources */ = {isa = PBXBuildFile; fileRef = FBF5AF5D1F585F9B001D5557 /* CustomNormalViewForSwift3_0Tests.swift */; };
		FBF5AF691F585F9B001D5557 /* CustomNormalViewForSwift3_0UITests.swift in Sources */ = {isa = PBXBuildFile; fileRef = FBF5AF681F585F9B001D5557 /* CustomNormalViewForSwift3_0UITests.swift */; };
		FBF5AF781F58601B001D5557 /* SMBUIButton.swift in Sources */ = {isa = PBXBuildFile; fileRef = FBF5AF771F58601B001D5557 /* SMBUIButton.swift */; };
		FBF5AF7A1F5863B2001D5557 /* SMBUITextfield.swift in Sources */ = {isa = PBXBuildFile; fileRef = FBF5AF791F5863B2001D5557 /* SMBUITextfield.swift */; };
		FBF5AF7C1F586E83001D5557 /* SMBUIView.swift in Sources */ = {isa = PBXBuildFile; fileRef = FBF5AF7B1F586E83001D5557 /* SMBUIView.swift */; };
/* End PBXBuildFile section */

/* Begin PBXContainerItemProxy section */
		FBF5AF5A1F585F9B001D5557 /* PBXContainerItemProxy */ = {
			isa = PBXContainerItemProxy;
			containerPortal = FBF5AF3D1F585F9B001D5557 /* Project object */;
			proxyType = 1;
			remoteGlobalIDString = FBF5AF441F585F9B001D5557;
			remoteInfo = CustomNormalViewForSwift3_0;
		};
		FBF5AF651F585F9B001D5557 /* PBXContainerItemProxy */ = {
			isa = PBXContainerItemProxy;
			containerPortal = FBF5AF3D1F585F9B001D5557 /* Project object */;
			proxyType = 1;
			remoteGlobalIDString = FBF5AF441F585F9B001D5557;
			remoteInfo = CustomNormalViewForSwift3_0;
		};
/* End PBXContainerItemProxy section */

/* Begin PBXFileReference section */
		02C217E16FAD782A59A06A50 /* Pods_CustomNormalViewForSwift3_0Tests.framework */ = {isa = PBXFileReference; explicitFileType = wrapper.framework; includeInIndex = 0; path = Pods_CustomNormalViewForSwift3_0Tests.framework; sourceTree = BUILT_PRODUCTS_DIR; };
		2294748884DF566686D25002 /* Pods_CustomNormalViewForSwift3_0UITests.framework */ = {isa = PBXFileReference; explicitFileType = wrapper.framework; includeInIndex = 0; path = Pods_CustomNormalViewForSwift3_0UITests.framework; sourceTree = BUILT_PRODUCTS_DIR; };
		3449DAFF664FCC83FAEADE12 /* Pods-CustomNormalViewForSwift3_0Tests.release.xcconfig */ = {isa = PBXFileReference; includeInIndex = 1; lastKnownFileType = text.xcconfig; name = "Pods-CustomNormalViewForSwift3_0Tests.release.xcconfig"; path = "Pods/Target Support Files/Pods-CustomNormalViewForSwift3_0Tests/Pods-CustomNormalViewForSwift3_0Tests.release.xcconfig"; sourceTree = "<group>"; };
		3DD812DA566E36AED8BDBC83 /* Pods_CustomNormalViewForSwift3_0.framework */ = {isa = PBXFileReference; explicitFileType = wrapper.framework; includeInIndex = 0; path = Pods_CustomNormalViewForSwift3_0.framework; sourceTree = BUILT_PRODUCTS_DIR; };
		57D465CED83F7245A2BC22D1 /* Pods-CustomNormalViewForSwift3_0UITests.debug.xcconfig */ = {isa = PBXFileReference; includeInIndex = 1; lastKnownFileType = text.xcconfig; name = "Pods-CustomNormalViewForSwift3_0UITests.debug.xcconfig"; path = "Pods/Target Support Files/Pods-CustomNormalViewForSwift3_0UITests/Pods-CustomNormalViewForSwift3_0UITests.debug.xcconfig"; sourceTree = "<group>"; };
		599116CE012B2B603503545F /* Pods-CustomNormalViewForSwift3_0UITests.release.xcconfig */ = {isa = PBXFileReference; includeInIndex = 1; lastKnownFileType = text.xcconfig; name = "Pods-CustomNormalViewForSwift3_0UITests.release.xcconfig"; path = "Pods/Target Support Files/Pods-CustomNormalViewForSwift3_0UITests/Pods-CustomNormalViewForSwift3_0UITests.release.xcconfig"; sourceTree = "<group>"; };
		A105A1FDE6AFDA8236A47102 /* Pods-CustomNormalViewForSwift3_0Tests.debug.xcconfig */ = {isa = PBXFileReference; includeInIndex = 1; lastKnownFileType = text.xcconfig; name = "Pods-CustomNormalViewForSwift3_0Tests.debug.xcconfig"; path = "Pods/Target Support Files/Pods-CustomNormalViewForSwift3_0Tests/Pods-CustomNormalViewForSwift3_0Tests.debug.xcconfig"; sourceTree = "<group>"; };
		F09FEDC2CE7EF96736F3FC0A /* Pods-CustomNormalViewForSwift3_0.release.xcconfig */ = {isa = PBXFileReference; includeInIndex = 1; lastKnownFileType = text.xcconfig; name = "Pods-CustomNormalViewForSwift3_0.release.xcconfig"; path = "Pods/Target Support Files/Pods-CustomNormalViewForSwift3_0/Pods-CustomNormalViewForSwift3_0.release.xcconfig"; sourceTree = "<group>"; };
		FBF5AF451F585F9B001D5557 /* CustomNormalViewForSwift3_0.app */ = {isa = PBXFileReference; explicitFileType = wrapper.application; includeInIndex = 0; path = CustomNormalViewForSwift3_0.app; sourceTree = BUILT_PRODUCTS_DIR; };
		FBF5AF481F585F9B001D5557 /* AppDelegate.swift */ = {isa = PBXFileReference; lastKnownFileType = sourcecode.swift; path = AppDelegate.swift; sourceTree = "<group>"; };
		FBF5AF4A1F585F9B001D5557 /* ViewController.swift */ = {isa = PBXFileReference; lastKnownFileType = sourcecode.swift; path = ViewController.swift; sourceTree = "<group>"; };
		FBF5AF4D1F585F9B001D5557 /* Base */ = {isa = PBXFileReference; lastKnownFileType = file.storyboard; name = Base; path = Base.lproj/Main.storyboard; sourceTree = "<group>"; };
		FBF5AF4F1F585F9B001D5557 /* Assets.xcassets */ = {isa = PBXFileReference; lastKnownFileType = folder.assetcatalog; path = Assets.xcassets; sourceTree = "<group>"; };
		FBF5AF521F585F9B001D5557 /* Base */ = {isa = PBXFileReference; lastKnownFileType = file.storyboard; name = Base; path = Base.lproj/LaunchScreen.storyboard; sourceTree = "<group>"; };
		FBF5AF541F585F9B001D5557 /* Info.plist */ = {isa = PBXFileReference; lastKnownFileType = text.plist.xml; path = Info.plist; sourceTree = "<group>"; };
		FBF5AF591F585F9B001D5557 /* CustomNormalViewForSwift3_0Tests.xctest */ = {isa = PBXFileReference; explicitFileType = wrapper.cfbundle; includeInIndex = 0; path = CustomNormalViewForSwift3_0Tests.xctest; sourceTree = BUILT_PRODUCTS_DIR; };
		FBF5AF5D1F585F9B001D5557 /* CustomNormalViewForSwift3_0Tests.swift */ = {isa = PBXFileReference; lastKnownFileType = sourcecode.swift; path = CustomNormalViewForSwift3_0Tests.swift; sourceTree = "<group>"; };
		FBF5AF5F1F585F9B001D5557 /* Info.plist */ = {isa = PBXFileReference; lastKnownFileType = text.plist.xml; path = Info.plist; sourceTree = "<group>"; };
		FBF5AF641F585F9B001D5557 /* CustomNormalViewForSwift3_0UITests.xctest */ = {isa = PBXFileReference; explicitFileType = wrapper.cfbundle; includeInIndex = 0; path = CustomNormalViewForSwift3_0UITests.xctest; sourceTree = BUILT_PRODUCTS_DIR; };
		FBF5AF681F585F9B001D5557 /* CustomNormalViewForSwift3_0UITests.swift */ = {isa = PBXFileReference; lastKnownFileType = sourcecode.swift; path = CustomNormalViewForSwift3_0UITests.swift; sourceTree = "<group>"; };
		FBF5AF6A1F585F9B001D5557 /* Info.plist */ = {isa = PBXFileReference; lastKnownFileType = text.plist.xml; path = Info.plist; sourceTree = "<group>"; };
		FBF5AF771F58601B001D5557 /* SMBUIButton.swift */ = {isa = PBXFileReference; fileEncoding = 4; lastKnownFileType = sourcecode.swift; path = SMBUIButton.swift; sourceTree = "<group>"; };
		FBF5AF791F5863B2001D5557 /* SMBUITextfield.swift */ = {isa = PBXFileReference; fileEncoding = 4; lastKnownFileType = sourcecode.swift; path = SMBUITextfield.swift; sourceTree = "<group>"; };
		FBF5AF7B1F586E83001D5557 /* SMBUIView.swift */ = {isa = PBXFileReference; fileEncoding = 4; lastKnownFileType = sourcecode.swift; path = SMBUIView.swift; sourceTree = "<group>"; };
		FE83E55CDF458E04E69ED1BA /* Pods-CustomNormalViewForSwift3_0.debug.xcconfig */ = {isa = PBXFileReference; includeInIndex = 1; lastKnownFileType = text.xcconfig; name = "Pods-CustomNormalViewForSwift3_0.debug.xcconfig"; path = "Pods/Target Support Files/Pods-CustomNormalViewForSwift3_0/Pods-CustomNormalViewForSwift3_0.debug.xcconfig"; sourceTree = "<group>"; };
/* End PBXFileReference section */

/* Begin PBXFrameworksBuildPhase section */
		FBF5AF421F585F9B001D5557 /* Frameworks */ = {
			isa = PBXFrameworksBuildPhase;
			buildActionMask = 2147483647;
			files = (
				10BEFB2506134ADA45D0D201 /* Pods_CustomNormalViewForSwift3_0.framework in Frameworks */,
			);
			runOnlyForDeploymentPostprocessing = 0;
		};
		FBF5AF561F585F9B001D5557 /* Frameworks */ = {
			isa = PBXFrameworksBuildPhase;
			buildActionMask = 2147483647;
			files = (
				5EB286E57FBE2375835AEABF /* Pods_CustomNormalViewForSwift3_0Tests.framework in Frameworks */,
			);
			runOnlyForDeploymentPostprocessing = 0;
		};
		FBF5AF611F585F9B001D5557 /* Frameworks */ = {
			isa = PBXFrameworksBuildPhase;
			buildActionMask = 2147483647;
			files = (
				0EC97FA8AC345507E89C2A61 /* Pods_CustomNormalViewForSwift3_0UITests.framework in Frameworks */,
			);
			runOnlyForDeploymentPostprocessing = 0;
		};
/* End PBXFrameworksBuildPhase section */

/* Begin PBXGroup section */
		DD447210AC86137C4F38F6F2 /* Frameworks */ = {
			isa = PBXGroup;
			children = (
				3DD812DA566E36AED8BDBC83 /* Pods_CustomNormalViewForSwift3_0.framework */,
				02C217E16FAD782A59A06A50 /* Pods_CustomNormalViewForSwift3_0Tests.framework */,
				2294748884DF566686D25002 /* Pods_CustomNormalViewForSwift3_0UITests.framework */,
			);
			name = Frameworks;
			sourceTree = "<group>";
		};
		E10696E0713F31727C3BC14E /* Pods */ = {
			isa = PBXGroup;
			children = (
				FE83E55CDF458E04E69ED1BA /* Pods-CustomNormalViewForSwift3_0.debug.xcconfig */,
				F09FEDC2CE7EF96736F3FC0A /* Pods-CustomNormalViewForSwift3_0.release.xcconfig */,
				A105A1FDE6AFDA8236A47102 /* Pods-CustomNormalViewForSwift3_0Tests.debug.xcconfig */,
				3449DAFF664FCC83FAEADE12 /* Pods-CustomNormalViewForSwift3_0Tests.release.xcconfig */,
				57D465CED83F7245A2BC22D1 /* Pods-CustomNormalViewForSwift3_0UITests.debug.xcconfig */,
				599116CE012B2B603503545F /* Pods-CustomNormalViewForSwift3_0UITests.release.xcconfig */,
			);
			name = Pods;
			sourceTree = "<group>";
		};
		FBF5AF3C1F585F9B001D5557 = {
			isa = PBXGroup;
			children = (
				FBF5AF471F585F9B001D5557 /* CustomNormalViewForSwift3_0 */,
				FBF5AF5C1F585F9B001D5557 /* CustomNormalViewForSwift3_0Tests */,
				FBF5AF671F585F9B001D5557 /* CustomNormalViewForSwift3_0UITests */,
				FBF5AF461F585F9B001D5557 /* Products */,
				E10696E0713F31727C3BC14E /* Pods */,
				DD447210AC86137C4F38F6F2 /* Frameworks */,
			);
			sourceTree = "<group>";
		};
		FBF5AF461F585F9B001D5557 /* Products */ = {
			isa = PBXGroup;
			children = (
				FBF5AF451F585F9B001D5557 /* CustomNormalViewForSwift3_0.app */,
				FBF5AF591F585F9B001D5557 /* CustomNormalViewForSwift3_0Tests.xctest */,
				FBF5AF641F585F9B001D5557 /* CustomNormalViewForSwift3_0UITests.xctest */,
			);
			name = Products;
			sourceTree = "<group>";
		};
		FBF5AF471F585F9B001D5557 /* CustomNormalViewForSwift3_0 */ = {
			isa = PBXGroup;
			children = (
				FBF5AF761F585FEF001D5557 /* CustomView */,
				FBF5AF481F585F9B001D5557 /* AppDelegate.swift */,
				FBF5AF4A1F585F9B001D5557 /* ViewController.swift */,
				FBF5AF4C1F585F9B001D5557 /* Main.storyboard */,
				FBF5AF4F1F585F9B001D5557 /* Assets.xcassets */,
				FBF5AF511F585F9B001D5557 /* LaunchScreen.storyboard */,
				FBF5AF541F585F9B001D5557 /* Info.plist */,
			);
			path = CustomNormalViewForSwift3_0;
			sourceTree = "<group>";
		};
		FBF5AF5C1F585F9B001D5557 /* CustomNormalViewForSwift3_0Tests */ = {
			isa = PBXGroup;
			children = (
				FBF5AF5D1F585F9B001D5557 /* CustomNormalViewForSwift3_0Tests.swift */,
				FBF5AF5F1F585F9B001D5557 /* Info.plist */,
			);
			path = CustomNormalViewForSwift3_0Tests;
			sourceTree = "<group>";
		};
		FBF5AF671F585F9B001D5557 /* CustomNormalViewForSwift3_0UITests */ = {
			isa = PBXGroup;
			children = (
				FBF5AF681F585F9B001D5557 /* CustomNormalViewForSwift3_0UITests.swift */,
				FBF5AF6A1F585F9B001D5557 /* Info.plist */,
			);
			path = CustomNormalViewForSwift3_0UITests;
			sourceTree = "<group>";
		};
		FBF5AF761F585FEF001D5557 /* CustomView */ = {
			isa = PBXGroup;
			children = (
				FBF5AF771F58601B001D5557 /* SMBUIButton.swift */,
				FBF5AF791F5863B2001D5557 /* SMBUITextfield.swift */,
				FBF5AF7B1F586E83001D5557 /* SMBUIView.swift */,
			);
			path = CustomView;
			sourceTree = "<group>";
		};
/* End PBXGroup section */

/* Begin PBXNativeTarget section */
		FBF5AF441F585F9B001D5557 /* CustomNormalViewForSwift3_0 */ = {
			isa = PBXNativeTarget;
			buildConfigurationList = FBF5AF6D1F585F9B001D5557 /* Build configuration list for PBXNativeTarget "CustomNormalViewForSwift3_0" */;
			buildPhases = (
				E1CF2F75865EDCE99EA9E94D /* [CP] Check Pods Manifest.lock */,
				FBF5AF411F585F9B001D5557 /* Sources */,
				FBF5AF421F585F9B001D5557 /* Frameworks */,
				FBF5AF431F585F9B001D5557 /* Resources */,
				63C5EA9C656B395FF9526786 /* [CP] Embed Pods Frameworks */,
				33893DC7036D941460A1EE98 /* [CP] Copy Pods Resources */,
			);
			buildRules = (
			);
			dependencies = (
			);
			name = CustomNormalViewForSwift3_0;
			productName = CustomNormalViewForSwift3_0;
			productReference = FBF5AF451F585F9B001D5557 /* CustomNormalViewForSwift3_0.app */;
			productType = "com.apple.product-type.application";
		};
		FBF5AF581F585F9B001D5557 /* CustomNormalViewForSwift3_0Tests */ = {
			isa = PBXNativeTarget;
			buildConfigurationList = FBF5AF701F585F9B001D5557 /* Build configuration list for PBXNativeTarget "CustomNormalViewForSwift3_0Tests" */;
			buildPhases = (
				66AF28C1166A9460E8C6E83F /* [CP] Check Pods Manifest.lock */,
				FBF5AF551F585F9B001D5557 /* Sources */,
				FBF5AF561F585F9B001D5557 /* Frameworks */,
				FBF5AF571F585F9B001D5557 /* Resources */,
				4A4D304D391462A437F759A1 /* [CP] Embed Pods Frameworks */,
				85738A503D60390703C49346 /* [CP] Copy Pods Resources */,
			);
			buildRules = (
			);
			dependencies = (
				FBF5AF5B1F585F9B001D5557 /* PBXTargetDependency */,
			);
			name = CustomNormalViewForSwift3_0Tests;
			productName = CustomNormalViewForSwift3_0Tests;
			productReference = FBF5AF591F585F9B001D5557 /* CustomNormalViewForSwift3_0Tests.xctest */;
			productType = "com.apple.product-type.bundle.unit-test";
		};
		FBF5AF631F585F9B001D5557 /* CustomNormalViewForSwift3_0UITests */ = {
			isa = PBXNativeTarget;
			buildConfigurationList = FBF5AF731F585F9B001D5557 /* Build configuration list for PBXNativeTarget "CustomNormalViewForSwift3_0UITests" */;
			buildPhases = (
				626F4D9F2CFD65B7F1D28987 /* [CP] Check Pods Manifest.lock */,
				FBF5AF601F585F9B001D5557 /* Sources */,
				FBF5AF611F585F9B001D5557 /* Frameworks */,
				FBF5AF621F585F9B001D5557 /* Resources */,
				813FBEB809EA49924382EA2F /* [CP] Embed Pods Frameworks */,
				C17F793CD76C986036BF8D9E /* [CP] Copy Pods Resources */,
			);
			buildRules = (
			);
			dependencies = (
				FBF5AF661F585F9B001D5557 /* PBXTargetDependency */,
			);
			name = CustomNormalViewForSwift3_0UITests;
			productName = CustomNormalViewForSwift3_0UITests;
			productReference = FBF5AF641F585F9B001D5557 /* CustomNormalViewForSwift3_0UITests.xctest */;
			productType = "com.apple.product-type.bundle.ui-testing";
		};
/* End PBXNativeTarget section */

/* Begin PBXProject section */
		FBF5AF3D1F585F9B001D5557 /* Project object */ = {
			isa = PBXProject;
			attributes = {
				LastSwiftUpdateCheck = 0830;
				LastUpgradeCheck = 0830;
				ORGANIZATIONNAME = "Apinun Wongintawang";
				TargetAttributes = {
					FBF5AF441F585F9B001D5557 = {
						CreatedOnToolsVersion = 8.3.3;
						DevelopmentTeam = L52U2QMKSA;
						ProvisioningStyle = Automatic;
					};
					FBF5AF581F585F9B001D5557 = {
						CreatedOnToolsVersion = 8.3.3;
						DevelopmentTeam = L52U2QMKSA;
						ProvisioningStyle = Automatic;
						TestTargetID = FBF5AF441F585F9B001D5557;
					};
					FBF5AF631F585F9B001D5557 = {
						CreatedOnToolsVersion = 8.3.3;
						DevelopmentTeam = L52U2QMKSA;
						ProvisioningStyle = Automatic;
						TestTargetID = FBF5AF441F585F9B001D5557;
					};
				};
			};
			buildConfigurationList = FBF5AF401F585F9B001D5557 /* Build configuration list for PBXProject "CustomNormalViewForSwift3_0" */;
			compatibilityVersion = "Xcode 3.2";
			developmentRegion = English;
			hasScannedForEncodings = 0;
			knownRegions = (
				en,
				Base,
			);
			mainGroup = FBF5AF3C1F585F9B001D5557;
			productRefGroup = FBF5AF461F585F9B001D5557 /* Products */;
			projectDirPath = "";
			projectRoot = "";
			targets = (
				FBF5AF441F585F9B001D5557 /* CustomNormalViewForSwift3_0 */,
				FBF5AF581F585F9B001D5557 /* CustomNormalViewForSwift3_0Tests */,
				FBF5AF631F585F9B001D5557 /* CustomNormalViewForSwift3_0UITests */,
			);
		};
/* End PBXProject section */

/* Begin PBXResourcesBuildPhase section */
		FBF5AF431F585F9B001D5557 /* Resources */ = {
			isa = PBXResourcesBuildPhase;
			buildActionMask = 2147483647;
			files = (
				FBF5AF531F585F9B001D5557 /* LaunchScreen.storyboard in Resources */,
				FBF5AF501F585F9B001D5557 /* Assets.xcassets in Resources */,
				FBF5AF4E1F585F9B001D5557 /* Main.storyboard in Resources */,
			);
			runOnlyForDeploymentPostprocessing = 0;
		};
		FBF5AF571F585F9B001D5557 /* Resources */ = {
			isa = PBXResourcesBuildPhase;
			buildActionMask = 2147483647;
			files = (
			);
			runOnlyForDeploymentPostprocessing = 0;
		};
		FBF5AF621F585F9B001D5557 /* Resources */ = {
			isa = PBXResourcesBuildPhase;
			buildActionMask = 2147483647;
			files = (
			);
			runOnlyForDeploymentPostprocessing = 0;
		};
/* End PBXResourcesBuildPhase section */

/* Begin PBXShellScriptBuildPhase section */
		33893DC7036D941460A1EE98 /* [CP] Copy Pods Resources */ = {
			isa = PBXShellScriptBuildPhase;
			buildActionMask = 2147483647;
			files = (
			);
			inputPaths = (
			);
			name = "[CP] Copy Pods Resources";
			outputPaths = (
			);
			runOnlyForDeploymentPostprocessing = 0;
			shellPath = /bin/sh;
			shellScript = "\"${SRCROOT}/Pods/Target Support Files/Pods-CustomNormalViewForSwift3_0/Pods-CustomNormalViewForSwift3_0-resources.sh\"\n";
			showEnvVarsInLog = 0;
		};
		4A4D304D391462A437F759A1 /* [CP] Embed Pods Frameworks */ = {
			isa = PBXShellScriptBuildPhase;
			buildActionMask = 2147483647;
			files = (
			);
			inputPaths = (
			);
			name = "[CP] Embed Pods Frameworks";
			outputPaths = (
			);
			runOnlyForDeploymentPostprocessing = 0;
			shellPath = /bin/sh;
			shellScript = "\"${SRCROOT}/Pods/Target Support Files/Pods-CustomNormalViewForSwift3_0Tests/Pods-CustomNormalViewForSwift3_0Tests-frameworks.sh\"\n";
			showEnvVarsInLog = 0;
		};
		626F4D9F2CFD65B7F1D28987 /* [CP] Check Pods Manifest.lock */ = {
			isa = PBXShellScriptBuildPhase;
			buildActionMask = 2147483647;
			files = (
			);
			inputPaths = (
			);
			name = "[CP] Check Pods Manifest.lock";
			outputPaths = (
			);
			runOnlyForDeploymentPostprocessing = 0;
			shellPath = /bin/sh;
			shellScript = "diff \"${PODS_PODFILE_DIR_PATH}/Podfile.lock\" \"${PODS_ROOT}/Manifest.lock\" > /dev/null\nif [ $? != 0 ] ; then\n    # print error to STDERR\n    echo \"error: The sandbox is not in sync with the Podfile.lock. Run 'pod install' or update your CocoaPods installation.\" >&2\n    exit 1\nfi\n";
			showEnvVarsInLog = 0;
		};
		63C5EA9C656B395FF9526786 /* [CP] Embed Pods Frameworks */ = {
			isa = PBXShellScriptBuildPhase;
			buildActionMask = 2147483647;
			files = (
			);
			inputPaths = (
			);
			name = "[CP] Embed Pods Frameworks";
			outputPaths = (
			);
			runOnlyForDeploymentPostprocessing = 0;
			shellPath = /bin/sh;
			shellScript = "\"${SRCROOT}/Pods/Target Support Files/Pods-CustomNormalViewForSwift3_0/Pods-CustomNormalViewForSwift3_0-frameworks.sh\"\n";
			showEnvVarsInLog = 0;
		};
		66AF28C1166A9460E8C6E83F /* [CP] Check Pods Manifest.lock */ = {
			isa = PBXShellScriptBuildPhase;
			buildActionMask = 2147483647;
			files = (
			);
			inputPaths = (
			);
			name = "[CP] Check Pods Manifest.lock";
			outputPaths = (
			);
			runOnlyForDeploymentPostprocessing = 0;
			shellPath = /bin/sh;
			shellScript = "diff \"${PODS_PODFILE_DIR_PATH}/Podfile.lock\" \"${PODS_ROOT}/Manifest.lock\" > /dev/null\nif [ $? != 0 ] ; then\n    # print error to STDERR\n    echo \"error: The sandbox is not in sync with the Podfile.lock. Run 'pod install' or update your CocoaPods installation.\" >&2\n    exit 1\nfi\n";
			showEnvVarsInLog = 0;
		};
		813FBEB809EA49924382EA2F /* [CP] Embed Pods Frameworks */ = {
			isa = PBXShellScriptBuildPhase;
			buildActionMask = 2147483647;
			files = (
			);
			inputPaths = (
			);
			name = "[CP] Embed Pods Frameworks";
			outputPaths = (
			);
			runOnlyForDeploymentPostprocessing = 0;
			shellPath = /bin/sh;
			shellScript = "\"${SRCROOT}/Pods/Target Support Files/Pods-CustomNormalViewForSwift3_0UITests/Pods-CustomNormalViewForSwift3_0UITests-frameworks.sh\"\n";
			showEnvVarsInLog = 0;
		};
		85738A503D60390703C49346 /* [CP] Copy Pods Resources */ = {
			isa = PBXShellScriptBuildPhase;
			buildActionMask = 2147483647;
			files = (
			);
			inputPaths = (
			);
			name = "[CP] Copy Pods Resources";
			outputPaths = (
			);
			runOnlyForDeploymentPostprocessing = 0;
			shellPath = /bin/sh;
			shellScript = "\"${SRCROOT}/Pods/Target Support Files/Pods-CustomNormalViewForSwift3_0Tests/Pods-CustomNormalViewForSwift3_0Tests-resources.sh\"\n";
			showEnvVarsInLog = 0;
		};
		C17F793CD76C986036BF8D9E /* [CP] Copy Pods Resources */ = {
			isa = PBXShellScriptBuildPhase;
			buildActionMask = 2147483647;
			files = (
			);
			inputPaths = (
			);
			name = "[CP] Copy Pods Resources";
			outputPaths = (
			);
			runOnlyForDeploymentPostprocessing = 0;
			shellPath = /bin/sh;
			shellScript = "\"${SRCROOT}/Pods/Target Support Files/Pods-CustomNormalViewForSwift3_0UITests/Pods-CustomNormalViewForSwift3_0UITests-resources.sh\"\n";
			showEnvVarsInLog = 0;
		};
		E1CF2F75865EDCE99EA9E94D /* [CP] Check Pods Manifest.lock */ = {
			isa = PBXShellScriptBuildPhase;
			buildActionMask = 2147483647;
			files = (
			);
			inputPaths = (
			);
			name = "[CP] Check Pods Manifest.lock";
			outputPaths = (
			);
			runOnlyForDeploymentPostprocessing = 0;
			shellPath = /bin/sh;
			shellScript = "diff \"${PODS_PODFILE_DIR_PATH}/Podfile.lock\" \"${PODS_ROOT}/Manifest.lock\" > /dev/null\nif [ $? != 0 ] ; then\n    # print error to STDERR\n    echo \"error: The sandbox is not in sync with the Podfile.lock. Run 'pod install' or update your CocoaPods installation.\" >&2\n    exit 1\nfi\n";
			showEnvVarsInLog = 0;
		};
/* End PBXShellScriptBuildPhase section */

/* Begin PBXSourcesBuildPhase section */
		FBF5AF411F585F9B001D5557 /* Sources */ = {
			isa = PBXSourcesBuildPhase;
			buildActionMask = 2147483647;
			files = (
				FBF5AF7A1F5863B2001D5557 /* SMBUITextfield.swift in Sources */,
				FBF5AF781F58601B001D5557 /* SMBUIButton.swift in Sources */,
				FBF5AF7C1F586E83001D5557 /* SMBUIView.swift in Sources */,
				FBF5AF4B1F585F9B001D5557 /* ViewController.swift in Sources */,
				FBF5AF491F585F9B001D5557 /* AppDelegate.swift in Sources */,
			);
			runOnlyForDeploymentPostprocessing = 0;
		};
		FBF5AF551F585F9B001D5557 /* Sources */ = {
			isa = PBXSourcesBuildPhase;
			buildActionMask = 2147483647;
			files = (
				FBF5AF5E1F585F9B001D5557 /* CustomNormalViewForSwift3_0Tests.swift in Sources */,
			);
			runOnlyForDeploymentPostprocessing = 0;
		};
		FBF5AF601F585F9B001D5557 /* Sources */ = {
			isa = PBXSourcesBuildPhase;
			buildActionMask = 2147483647;
			files = (
				FBF5AF691F585F9B001D5557 /* CustomNormalViewForSwift3_0UITests.swift in Sources */,
			);
			runOnlyForDeploymentPostprocessing = 0;
		};
/* End PBXSourcesBuildPhase section */

/* Begin PBXTargetDependency section */
		FBF5AF5B1F585F9B001D5557 /* PBXTargetDependency */ = {
			isa = PBXTargetDependency;
			target = FBF5AF441F585F9B001D5557 /* CustomNormalViewForSwift3_0 */;
			targetProxy = FBF5AF5A1F585F9B001D5557 /* PBXContainerItemProxy */;
		};
		FBF5AF661F585F9B001D5557 /* PBXTargetDependency */ = {
			isa = PBXTargetDependency;
			target = FBF5AF441F585F9B001D5557 /* CustomNormalViewForSwift3_0 */;
			targetProxy = FBF5AF651F585F9B001D5557 /* PBXContainerItemProxy */;
		};
/* End PBXTargetDependency section */

/* Begin PBXVariantGroup section */
		FBF5AF4C1F585F9B001D5557 /* Main.storyboard */ = {
			isa = PBXVariantGroup;
			children = (
				FBF5AF4D1F585F9B001D5557 /* Base */,
			);
			name = Main.storyboard;
			sourceTree = "<group>";
		};
		FBF5AF511F585F9B001D5557 /* LaunchScreen.storyboard */ = {
			isa = PBXVariantGroup;
			children = (
				FBF5AF521F585F9B001D5557 /* Base */,
			);
			name = LaunchScreen.storyboard;
			sourceTree = "<group>";
		};
/* End PBXVariantGroup section */

/* Begin XCBuildConfiguration section */
		FBF5AF6B1F585F9B001D5557 /* Debug */ = {
			isa = XCBuildConfiguration;
			buildSettings = {
				ALWAYS_SEARCH_USER_PATHS = NO;
				CLANG_ANALYZER_NONNULL = YES;
				CLANG_ANALYZER_NUMBER_OBJECT_CONVERSION = YES_AGGRESSIVE;
				CLANG_CXX_LANGUAGE_STANDARD = "gnu++0x";
				CLANG_CXX_LIBRARY = "libc++";
				CLANG_ENABLE_MODULES = YES;
				CLANG_ENABLE_OBJC_ARC = YES;
				CLANG_WARN_BOOL_CONVERSION = YES;
				CLANG_WARN_CONSTANT_CONVERSION = YES;
				CLANG_WARN_DIRECT_OBJC_ISA_USAGE = YES_ERROR;
				CLANG_WARN_DOCUMENTATION_COMMENTS = YES;
				CLANG_WARN_EMPTY_BODY = YES;
				CLANG_WARN_ENUM_CONVERSION = YES;
				CLANG_WARN_INFINITE_RECURSION = YES;
				CLANG_WARN_INT_CONVERSION = YES;
				CLANG_WARN_OBJC_ROOT_CLASS = YES_ERROR;
				CLANG_WARN_SUSPICIOUS_MOVE = YES;
				CLANG_WARN_UNREACHABLE_CODE = YES;
				CLANG_WARN__DUPLICATE_METHOD_MATCH = YES;
				"CODE_SIGN_IDENTITY[sdk=iphoneos*]" = "iPhone Developer";
				COPY_PHASE_STRIP = NO;
				DEBUG_INFORMATION_FORMAT = dwarf;
				ENABLE_STRICT_OBJC_MSGSEND = YES;
				ENABLE_TESTABILITY = YES;
				GCC_C_LANGUAGE_STANDARD = gnu99;
				GCC_DYNAMIC_NO_PIC = NO;
				GCC_NO_COMMON_BLOCKS = YES;
				GCC_OPTIMIZATION_LEVEL = 0;
				GCC_PREPROCESSOR_DEFINITIONS = (
					"DEBUG=1",
					"$(inherited)",
				);
				GCC_WARN_64_TO_32_BIT_CONVERSION = YES;
				GCC_WARN_ABOUT_RETURN_TYPE = YES_ERROR;
				GCC_WARN_UNDECLARED_SELECTOR = YES;
				GCC_WARN_UNINITIALIZED_AUTOS = YES_AGGRESSIVE;
				GCC_WARN_UNUSED_FUNCTION = YES;
				GCC_WARN_UNUSED_VARIABLE = YES;
				IPHONEOS_DEPLOYMENT_TARGET = 10.3;
				MTL_ENABLE_DEBUG_INFO = YES;
				ONLY_ACTIVE_ARCH = YES;
				SDKROOT = iphoneos;
				SWIFT_ACTIVE_COMPILATION_CONDITIONS = DEBUG;
				SWIFT_OPTIMIZATION_LEVEL = "-Onone";
				TARGETED_DEVICE_FAMILY = "1,2";
			};
			name = Debug;
		};
		FBF5AF6C1F585F9B001D5557 /* Release */ = {
			isa = XCBuildConfiguration;
			buildSettings = {
				ALWAYS_SEARCH_USER_PATHS = NO;
				CLANG_ANALYZER_NONNULL = YES;
				CLANG_ANALYZER_NUMBER_OBJECT_CONVERSION = YES_AGGRESSIVE;
				CLANG_CXX_LANGUAGE_STANDARD = "gnu++0x";
				CLANG_CXX_LIBRARY = "libc++";
				CLANG_ENABLE_MODULES = YES;
				CLANG_ENABLE_OBJC_ARC = YES;
				CLANG_WARN_BOOL_CONVERSION = YES;
				CLANG_WARN_CONSTANT_CONVERSION = YES;
				CLANG_WARN_DIRECT_OBJC_ISA_USAGE = YES_ERROR;
				CLANG_WARN_DOCUMENTATION_COMMENTS = YES;
				CLANG_WARN_EMPTY_BODY = YES;
				CLANG_WARN_ENUM_CONVERSION = YES;
				CLANG_WARN_INFINITE_RECURSION = YES;
				CLANG_WARN_INT_CONVERSION = YES;
				CLANG_WARN_OBJC_ROOT_CLASS = YES_ERROR;
				CLANG_WARN_SUSPICIOUS_MOVE = YES;
				CLANG_WARN_UNREACHABLE_CODE = YES;
				CLANG_WARN__DUPLICATE_METHOD_MATCH = YES;
				"CODE_SIGN_IDENTITY[sdk=iphoneos*]" = "iPhone Developer";
				COPY_PHASE_STRIP = NO;
				DEBUG_INFORMATION_FORMAT = "dwarf-with-dsym";
				ENABLE_NS_ASSERTIONS = NO;
				ENABLE_STRICT_OBJC_MSGSEND = YES;
				GCC_C_LANGUAGE_STANDARD = gnu99;
				GCC_NO_COMMON_BLOCKS = YES;
				GCC_WARN_64_TO_32_BIT_CONVERSION = YES;
				GCC_WARN_ABOUT_RETURN_TYPE = YES_ERROR;
				GCC_WARN_UNDECLARED_SELECTOR = YES;
				GCC_WARN_UNINITIALIZED_AUTOS = YES_AGGRESSIVE;
				GCC_WARN_UNUSED_FUNCTION = YES;
				GCC_WARN_UNUSED_VARIABLE = YES;
				IPHONEOS_DEPLOYMENT_TARGET = 10.3;
				MTL_ENABLE_DEBUG_INFO = NO;
				SDKROOT = iphoneos;
				SWIFT_OPTIMIZATION_LEVEL = "-Owholemodule";
				TARGETED_DEVICE_FAMILY = "1,2";
				VALIDATE_PRODUCT = YES;
			};
			name = Release;
		};
		FBF5AF6E1F585F9B001D5557 /* Debug */ = {
			isa = XCBuildConfiguration;
			baseConfigurationReference = FE83E55CDF458E04E69ED1BA /* Pods-CustomNormalViewForSwift3_0.debug.xcconfig */;
			buildSettings = {
				ASSETCATALOG_COMPILER_APPICON_NAME = AppIcon;
				DEVELOPMENT_TEAM = L52U2QMKSA;
				INFOPLIST_FILE = CustomNormalViewForSwift3_0/Info.plist;
				LD_RUNPATH_SEARCH_PATHS = "$(inherited) @executable_path/Frameworks";
				PRODUCT_BUNDLE_IDENTIFIER = "smb.customview.CustomNormalViewForSwift3-0";
				PRODUCT_NAME = "$(TARGET_NAME)";
				SWIFT_VERSION = 3.0;
			};
			name = Debug;
		};
		FBF5AF6F1F585F9B001D5557 /* Release */ = {
			isa = XCBuildConfiguration;
			baseConfigurationReference = F09FEDC2CE7EF96736F3FC0A /* Pods-CustomNormalViewForSwift3_0.release.xcconfig */;
			buildSettings = {
				ASSETCATALOG_COMPILER_APPICON_NAME = AppIcon;
				DEVELOPMENT_TEAM = L52U2QMKSA;
				INFOPLIST_FILE = CustomNormalViewForSwift3_0/Info.plist;
				LD_RUNPATH_SEARCH_PATHS = "$(inherited) @executable_path/Frameworks";
				PRODUCT_BUNDLE_IDENTIFIER = "smb.customview.CustomNormalViewForSwift3-0";
				PRODUCT_NAME = "$(TARGET_NAME)";
				SWIFT_VERSION = 3.0;
			};
			name = Release;
		};
		FBF5AF711F585F9B001D5557 /* Debug */ = {
			isa = XCBuildConfiguration;
			baseConfigurationReference = A105A1FDE6AFDA8236A47102 /* Pods-CustomNormalViewForSwift3_0Tests.debug.xcconfig */;
			buildSettings = {
				ALWAYS_EMBED_SWIFT_STANDARD_LIBRARIES = YES;
				BUNDLE_LOADER = "$(TEST_HOST)";
				DEVELOPMENT_TEAM = L52U2QMKSA;
				INFOPLIST_FILE = CustomNormalViewForSwift3_0Tests/Info.plist;
				LD_RUNPATH_SEARCH_PATHS = "$(inherited) @executable_path/Frameworks @loader_path/Frameworks";
				PRODUCT_BUNDLE_IDENTIFIER = "smb.customview.CustomNormalViewForSwift3-0Tests";
				PRODUCT_NAME = "$(TARGET_NAME)";
				SWIFT_VERSION = 3.0;
				TEST_HOST = "$(BUILT_PRODUCTS_DIR)/CustomNormalViewForSwift3_0.app/CustomNormalViewForSwift3_0";
			};
			name = Debug;
		};
		FBF5AF721F585F9B001D5557 /* Release */ = {
			isa = XCBuildConfiguration;
			baseConfigurationReference = 3449DAFF664FCC83FAEADE12 /* Pods-CustomNormalViewForSwift3_0Tests.release.xcconfig */;
			buildSettings = {
				ALWAYS_EMBED_SWIFT_STANDARD_LIBRARIES = YES;
				BUNDLE_LOADER = "$(TEST_HOST)";
				DEVELOPMENT_TEAM = L52U2QMKSA;
				INFOPLIST_FILE = CustomNormalViewForSwift3_0Tests/Info.plist;
				LD_RUNPATH_SEARCH_PATHS = "$(inherited) @executable_path/Frameworks @loader_path/Frameworks";
				PRODUCT_BUNDLE_IDENTIFIER = "smb.customview.CustomNormalViewForSwift3-0Tests";
				PRODUCT_NAME = "$(TARGET_NAME)";
				SWIFT_VERSION = 3.0;
				TEST_HOST = "$(BUILT_PRODUCTS_DIR)/CustomNormalViewForSwift3_0.app/CustomNormalViewForSwift3_0";
			};
			name = Release;
		};
		FBF5AF741F585F9B001D5557 /* Debug */ = {
			isa = XCBuildConfiguration;
			baseConfigurationReference = 57D465CED83F7245A2BC22D1 /* Pods-CustomNormalViewForSwift3_0UITests.debug.xcconfig */;
			buildSettings = {
				ALWAYS_EMBED_SWIFT_STANDARD_LIBRARIES = YES;
				DEVELOPMENT_TEAM = L52U2QMKSA;
				INFOPLIST_FILE = CustomNormalViewForSwift3_0UITests/Info.plist;
				LD_RUNPATH_SEARCH_PATHS = "$(inherited) @executable_path/Frameworks @loader_path/Frameworks";
				PRODUCT_BUNDLE_IDENTIFIER = "smb.customview.CustomNormalViewForSwift3-0UITests";
				PRODUCT_NAME = "$(TARGET_NAME)";
				SWIFT_VERSION = 3.0;
				TEST_TARGET_NAME = CustomNormalViewForSwift3_0;
			};
			name = Debug;
		};
		FBF5AF751F585F9B001D5557 /* Release */ = {
			isa = XCBuildConfiguration;
			baseConfigurationReference = 599116CE012B2B603503545F /* Pods-CustomNormalViewForSwift3_0UITests.release.xcconfig */;
			buildSettings = {
				ALWAYS_EMBED_SWIFT_STANDARD_LIBRARIES = YES;
				DEVELOPMENT_TEAM = L52U2QMKSA;
				INFOPLIST_FILE = CustomNormalViewForSwift3_0UITests/Info.plist;
				LD_RUNPATH_SEARCH_PATHS = "$(inherited) @executable_path/Frameworks @loader_path/Frameworks";
				PRODUCT_BUNDLE_IDENTIFIER = "smb.customview.CustomNormalViewForSwift3-0UITests";
				PRODUCT_NAME = "$(TARGET_NAME)";
				SWIFT_VERSION = 3.0;
				TEST_TARGET_NAME = CustomNormalViewForSwift3_0;
			};
			name = Release;
		};
/* End XCBuildConfiguration section */

/* Begin XCConfigurationList section */
		FBF5AF401F585F9B001D5557 /* Build configuration list for PBXProject "CustomNormalViewForSwift3_0" */ = {
			isa = XCConfigurationList;
			buildConfigurations = (
				FBF5AF6B1F585F9B001D5557 /* Debug */,
				FBF5AF6C1F585F9B001D5557 /* Release */,
			);
			defaultConfigurationIsVisible = 0;
			defaultConfigurationName = Release;
		};
		FBF5AF6D1F585F9B001D5557 /* Build configuration list for PBXNativeTarget "CustomNormalViewForSwift3_0" */ = {
			isa = XCConfigurationList;
			buildConfigurations = (
				FBF5AF6E1F585F9B001D5557 /* Debug */,
				FBF5AF6F1F585F9B001D5557 /* Release */,
			);
			defaultConfigurationIsVisible = 0;
			defaultConfigurationName = Release;
		};
		FBF5AF701F585F9B001D5557 /* Build configuration list for PBXNativeTarget "CustomNormalViewForSwift3_0Tests" */ = {
			isa = XCConfigurationList;
			buildConfigurations = (
				FBF5AF711F585F9B001D5557 /* Debug */,
				FBF5AF721F585F9B001D5557 /* Release */,
			);
			defaultConfigurationIsVisible = 0;
			defaultConfigurationName = Release;
		};
		FBF5AF731F585F9B001D5557 /* Build configuration list for PBXNativeTarget "CustomNormalViewForSwift3_0UITests" */ = {
			isa = XCConfigurationList;
			buildConfigurations = (
				FBF5AF741F585F9B001D5557 /* Debug */,
				FBF5AF751F585F9B001D5557 /* Release */,
			);
			defaultConfigurationIsVisible = 0;
			defaultConfigurationName = Release;
		};
/* End XCConfigurationList section */
	};
	rootObject = FBF5AF3D1F585F9B001D5557 /* Project object */;
}
